Microsoft Visual Studio Solution File, Format Version 11.00
# Visual Studio 2008

Project("{AD01952B-3C25-4C8E-BEFA-F6F73AE62F7D}") = "Betrayal", "Assembly-CSharp-firstpass-vs.csproj", "{859154F2-DA9A-AA2E-5544-5B2E21EA8E29}"
EndProject
Project("{AD01952B-3C25-4C8E-BEFA-F6F73AE62F7D}") = "Betrayal", "Assembly-CSharp-vs.csproj", "{9C8C601C-3FF0-B784-FFF9-F04CFCB07E16}"
EndProject
Global
	GlobalSection(SolutionConfigurationPlatforms) = preSolution
		Debug|Any CPU = Debug|Any CPU
		Release|Any CPU = Release|Any CPU
	EndGlobalSection
	GlobalSection(ProjectConfigurationPlatforms) = postSolution
		{859154F2-DA9A-AA2E-5544-5B2E21EA8E29}.Debug|Any CPU.ActiveCfg = Debug|Any CPU
		{859154F2-DA9A-AA2E-5544-5B2E21EA8E29}.Debug|Any CPU.Build.0 = Debug|Any CPU
		{859154F2-DA9A-AA2E-5544-5B2E21EA8E29}.Release|Any CPU.ActiveCfg = Release|Any CPU
		{859154F2-DA9A-AA2E-5544-5B2E21EA8E29}.Release|Any CPU.Build.0 = Release|Any CPU
		{9C8C601C-3FF0-B784-FFF9-F04CFCB07E16}.Debug|Any CPU.ActiveCfg = Debug|Any CPU
		{9C8C601C-3FF0-B784-FFF9-F04CFCB07E16}.Debug|Any CPU.Build.0 = Debug|Any CPU
		{9C8C601C-3FF0-B784-FFF9-F04CFCB07E16}.Release|Any CPU.ActiveCfg = Release|Any CPU
		{9C8C601C-3FF0-B784-FFF9-F04CFCB07E16}.Release|Any CPU.Build.0 = Release|Any CPU
	EndGlobalSection
	GlobalSection(SolutionProperties) = preSolution
		HideSolutionNode = FALSE
	EndGlobalSection
																																																						GlobalSection(MonoDevelopProperties) = preSolution
		StartupItem = Assembly-CSharp.csproj
		Policies = $0
		$0.TextStylePolicy = $1
		$1.inheritsSet = null
		$1.scope = text/x-csharp
		$0.CSharpFormattingPolicy = $2
		$2.inheritsSet = Mono
		$2.inheritsScope = text/x-csharp
		$2.scope = text/x-csharp
		$0.TextStylePolicy = $3
		$3.FileWidth = 120
		$3.TabWidth = 4
		$3.EolMarker = Unix
		$3.inheritsSet = Mono
		$3.inheritsScope = text/plain
		$3.scope = text/plain
	EndGlobalSection

EndGlobal
